
Microsoft Visual Studio Solution File, Format Version 12.00
# Visual Studio Version 17
VisualStudioVersion = 17.0.31903.59
MinimumVisualStudioVersion = 10.0.40219.1
Project("{FAE04EC0-301F-11D3-BF4B-00C04F79EFBC}") = "CryptoIndicatorApp.Domain", "CryptoIndicatorApp.Domain\CryptoIndicatorApp.Domain.csproj", "{F0403E7C-A4A8-41BE-81C0-EE1878DB85B0}"
EndProject
Project("{FAE04EC0-301F-11D3-BF4B-00C04F79EFBC}") = "CryptoIndicatorApp.Application", "CryptoIndicatorApp.Application\CryptoIndicatorApp.Application.csproj", "{C23CB1F0-A1D7-4150-B470-7E32DDA94F19}"
EndProject
Project("{FAE04EC0-301F-11D3-BF4B-00C04F79EFBC}") = "CryptoIndicatorApp.Infrastructure", "CryptoIndicatorApp.Infrastructure\CryptoIndicatorApp.Infrastructure.csproj", "{39D391A8-3DA8-4E23-9536-6770AADC6707}"
EndProject
Project("{FAE04EC0-301F-11D3-BF4B-00C04F79EFBC}") = "CryptoIndicatorApp.Desktop", "CryptoIndicatorApp.Desktop\CryptoIndicatorApp.Desktop.csproj", "{98A973DE-C02F-42D3-ABA9-6C68C70DD979}"
EndProject
Project("{FAE04EC0-301F-11D3-BF4B-00C04F79EFBC}") = "CryptoIndicatorApp.Domain.Tests", "CryptoIndicatorApp.Domain.Tests\CryptoIndicatorApp.Domain.Tests.csproj", "{356298AC-DF21-460F-B7B6-3AE87AB11B33}"
EndProject
Project("{FAE04EC0-301F-11D3-BF4B-00C04F79EFBC}") = "CryptoIndicatorApp.Infrastructure.Tests", "CryptoIndicatorApp.Infrastructure.Tests\CryptoIndicatorApp.Infrastructure.Tests.csproj", "{CCC81B84-C6BC-4A20-8924-3F8C4EB6C633}"
EndProject
Project("{FAE04EC0-301F-11D3-BF4B-00C04F79EFBC}") = "CryptoIndicatorApp.Application.Tests", "CryptoIndicatorApp.Application.Tests\CryptoIndicatorApp.Application.Tests.csproj", "{9F61A16E-D99C-41BA-ABF9-17565CD254AB}"
EndProject
Project("{FAE04EC0-301F-11D3-BF4B-00C04F79EFBC}") = "CryptoIndicatorApp.Desktop.Tests", "CryptoIndicatorApp.Desktop.Tests\CryptoIndicatorApp.Desktop.Tests.csproj", "{E4EA5CE5-827A-40BC-9C3F-42E2DD1B942B}"
EndProject
Project("{2150E333-8FDC-42A3-9474-1A3956D46DE8}") = "tools", "tools", "{D6066293-DF88-46DD-B305-CD0614B38B8D}"
EndProject
Project("{FAE04EC0-301F-11D3-BF4B-00C04F79EFBC}") = "CryptoIndicatorApp.LiveDryRun", "tools\LiveDryRun\CryptoIndicatorApp.LiveDryRun.csproj", "{6154AE89-13A6-42A5-9B37-9AA78F2E0393}"
EndProject
Project("{FAE04EC0-301F-11D3-BF4B-00C04F79EFBC}") = "CryptoIndicatorApp.LiveDryRun.Tests", "tools\LiveDryRun.Tests\CryptoIndicatorApp.LiveDryRun.Tests.csproj", "{D78BBB63-EF54-4B5E-A4DA-9A294D7CFF72}"
EndProject
Project("{FAE04EC0-301F-11D3-BF4B-00C04F79EFBC}") = "CryptoIndicatorApp.Memory", "tools\Memory\CryptoIndicatorApp.Memory.csproj", "{682F0090-5CEF-4C9F-8729-EF12B81A4181}"
EndProject
Project("{FAE04EC0-301F-11D3-BF4B-00C04F79EFBC}") = "CryptoIndicatorApp.Memory.Tests", "tools\Memory.Tests\CryptoIndicatorApp.Memory.Tests.csproj", "{77613408-679D-4D20-A5A9-5E25956A62FE}"
EndProject
Project("{FAE04EC0-301F-11D3-BF4B-00C04F79EFBC}") = "CryptoIndicatorApp.PilotB", "tools\PilotB\CryptoIndicatorApp.PilotB.csproj", "{F4A0DDB0-2B29-4F93-9A12-9C9A2A5C8E10}"
EndProject
Project("{FAE04EC0-301F-11D3-BF4B-00C04F79EFBC}") = "CryptoIndicatorApp.PilotB.Tests", "tools\PilotB.Tests\CryptoIndicatorApp.PilotB.Tests.csproj", "{E7A3F1C2-1B0C-4A72-8D04-5F3ED0D94B20}"
EndProject
Project("{FAE04EC0-301F-11D3-BF4B-00C04F79EFBC}") = "CryptoIndicatorApp.PilotB.FakeCli", "tools\PilotB.FakeCli\CryptoIndicatorApp.PilotB.FakeCli.csproj", "{B6C2E884-6FD5-4E25-BAF2-1A5B0C97D330}"
EndProject
Global
	GlobalSection(SolutionConfigurationPlatforms) = preSolution
		Debug|Any CPU = Debug|Any CPU
		Release|Any CPU = Release|Any CPU
	EndGlobalSection
	GlobalSection(SolutionProperties) = preSolution
		HideSolutionNode = FALSE
	EndGlobalSection
	GlobalSection(ProjectConfigurationPlatforms) = postSolution
		{F0403E7C-A4A8-41BE-81C0-EE1878DB85B0}.Debug|Any CPU.ActiveCfg = Debug|Any CPU
		{F0403E7C-A4A8-41BE-81C0-EE1878DB85B0}.Debug|Any CPU.Build.0 = Debug|Any CPU
		{F0403E7C-A4A8-41BE-81C0-EE1878DB85B0}.Release|Any CPU.ActiveCfg = Release|Any CPU
		{F0403E7C-A4A8-41BE-81C0-EE1878DB85B0}.Release|Any CPU.Build.0 = Release|Any CPU
		{C23CB1F0-A1D7-4150-B470-7E32DDA94F19}.Debug|Any CPU.ActiveCfg = Debug|Any CPU
		{C23CB1F0-A1D7-4150-B470-7E32DDA94F19}.Debug|Any CPU.Build.0 = Debug|Any CPU
		{C23CB1F0-A1D7-4150-B470-7E32DDA94F19}.Release|Any CPU.ActiveCfg = Release|Any CPU
		{C23CB1F0-A1D7-4150-B470-7E32DDA94F19}.Release|Any CPU.Build.0 = Release|Any CPU
		{39D391A8-3DA8-4E23-9536-6770AADC6707}.Debug|Any CPU.ActiveCfg = Debug|Any CPU
		{39D391A8-3DA8-4E23-9536-6770AADC6707}.Debug|Any CPU.Build.0 = Debug|Any CPU
		{39D391A8-3DA8-4E23-9536-6770AADC6707}.Release|Any CPU.ActiveCfg = Release|Any CPU
		{39D391A8-3DA8-4E23-9536-6770AADC6707}.Release|Any CPU.Build.0 = Release|Any CPU
		{98A973DE-C02F-42D3-ABA9-6C68C70DD979}.Debug|Any CPU.ActiveCfg = Debug|Any CPU
		{98A973DE-C02F-42D3-ABA9-6C68C70DD979}.Debug|Any CPU.Build.0 = Debug|Any CPU
		{98A973DE-C02F-42D3-ABA9-6C68C70DD979}.Release|Any CPU.ActiveCfg = Release|Any CPU
		{98A973DE-C02F-42D3-ABA9-6C68C70DD979}.Release|Any CPU.Build.0 = Release|Any CPU
		{356298AC-DF21-460F-B7B6-3AE87AB11B33}.Debug|Any CPU.ActiveCfg = Debug|Any CPU
		{356298AC-DF21-460F-B7B6-3AE87AB11B33}.Debug|Any CPU.Build.0 = Debug|Any CPU
		{356298AC-DF21-460F-B7B6-3AE87AB11B33}.Release|Any CPU.ActiveCfg = Release|Any CPU
		{356298AC-DF21-460F-B7B6-3AE87AB11B33}.Release|Any CPU.Build.0 = Release|Any CPU
		{CCC81B84-C6BC-4A20-8924-3F8C4EB6C633}.Debug|Any CPU.ActiveCfg = Debug|Any CPU
		{CCC81B84-C6BC-4A20-8924-3F8C4EB6C633}.Debug|Any CPU.Build.0 = Debug|Any CPU
		{CCC81B84-C6BC-4A20-8924-3F8C4EB6C633}.Release|Any CPU.ActiveCfg = Release|Any CPU
		{CCC81B84-C6BC-4A20-8924-3F8C4EB6C633}.Release|Any CPU.Build.0 = Release|Any CPU
		{9F61A16E-D99C-41BA-ABF9-17565CD254AB}.Debug|Any CPU.ActiveCfg = Debug|Any CPU
		{9F61A16E-D99C-41BA-ABF9-17565CD254AB}.Debug|Any CPU.Build.0 = Debug|Any CPU
		{9F61A16E-D99C-41BA-ABF9-17565CD254AB}.Release|Any CPU.ActiveCfg = Release|Any CPU
		{9F61A16E-D99C-41BA-ABF9-17565CD254AB}.Release|Any CPU.Build.0 = Release|Any CPU
		{E4EA5CE5-827A-40BC-9C3F-42E2DD1B942B}.Debug|Any CPU.ActiveCfg = Debug|Any CPU
		{E4EA5CE5-827A-40BC-9C3F-42E2DD1B942B}.Debug|Any CPU.Build.0 = Debug|Any CPU
		{E4EA5CE5-827A-40BC-9C3F-42E2DD1B942B}.Release|Any CPU.ActiveCfg = Release|Any CPU
		{E4EA5CE5-827A-40BC-9C3F-42E2DD1B942B}.Release|Any CPU.Build.0 = Release|Any CPU
		{6154AE89-13A6-42A5-9B37-9AA78F2E0393}.Debug|Any CPU.ActiveCfg = Debug|Any CPU
		{6154AE89-13A6-42A5-9B37-9AA78F2E0393}.Debug|Any CPU.Build.0 = Debug|Any CPU
		{6154AE89-13A6-42A5-9B37-9AA78F2E0393}.Release|Any CPU.ActiveCfg = Release|Any CPU
		{6154AE89-13A6-42A5-9B37-9AA78F2E0393}.Release|Any CPU.Build.0 = Release|Any CPU
		{D78BBB63-EF54-4B5E-A4DA-9A294D7CFF72}.Debug|Any CPU.ActiveCfg = Debug|Any CPU
		{D78BBB63-EF54-4B5E-A4DA-9A294D7CFF72}.Debug|Any CPU.Build.0 = Debug|Any CPU
		{D78BBB63-EF54-4B5E-A4DA-9A294D7CFF72}.Release|Any CPU.ActiveCfg = Release|Any CPU
		{D78BBB63-EF54-4B5E-A4DA-9A294D7CFF72}.Release|Any CPU.Build.0 = Release|Any CPU
		{682F0090-5CEF-4C9F-8729-EF12B81A4181}.Debug|Any CPU.ActiveCfg = Debug|Any CPU
		{682F0090-5CEF-4C9F-8729-EF12B81A4181}.Debug|Any CPU.Build.0 = Debug|Any CPU
		{682F0090-5CEF-4C9F-8729-EF12B81A4181}.Release|Any CPU.ActiveCfg = Release|Any CPU
		{682F0090-5CEF-4C9F-8729-EF12B81A4181}.Release|Any CPU.Build.0 = Release|Any CPU
		{77613408-679D-4D20-A5A9-5E25956A62FE}.Debug|Any CPU.ActiveCfg = Debug|Any CPU
		{77613408-679D-4D20-A5A9-5E25956A62FE}.Debug|Any CPU.Build.0 = Debug|Any CPU
		{77613408-679D-4D20-A5A9-5E25956A62FE}.Release|Any CPU.ActiveCfg = Release|Any CPU
		{77613408-679D-4D20-A5A9-5E25956A62FE}.Release|Any CPU.Build.0 = Release|Any CPU
		{F4A0DDB0-2B29-4F93-9A12-9C9A2A5C8E10}.Debug|Any CPU.ActiveCfg = Debug|Any CPU
		{F4A0DDB0-2B29-4F93-9A12-9C9A2A5C8E10}.Debug|Any CPU.Build.0 = Debug|Any CPU
		{F4A0DDB0-2B29-4F93-9A12-9C9A2A5C8E10}.Release|Any CPU.ActiveCfg = Release|Any CPU
		{F4A0DDB0-2B29-4F93-9A12-9C9A2A5C8E10}.Release|Any CPU.Build.0 = Release|Any CPU
		{E7A3F1C2-1B0C-4A72-8D04-5F3ED0D94B20}.Debug|Any CPU.ActiveCfg = Debug|Any CPU
		{E7A3F1C2-1B0C-4A72-8D04-5F3ED0D94B20}.Debug|Any CPU.Build.0 = Debug|Any CPU
		{E7A3F1C2-1B0C-4A72-8D04-5F3ED0D94B20}.Release|Any CPU.ActiveCfg = Release|Any CPU
		{E7A3F1C2-1B0C-4A72-8D04-5F3ED0D94B20}.Release|Any CPU.Build.0 = Release|Any CPU
		{B6C2E884-6FD5-4E25-BAF2-1A5B0C97D330}.Debug|Any CPU.ActiveCfg = Debug|Any CPU
		{B6C2E884-6FD5-4E25-BAF2-1A5B0C97D330}.Debug|Any CPU.Build.0 = Debug|Any CPU
		{B6C2E884-6FD5-4E25-BAF2-1A5B0C97D330}.Release|Any CPU.ActiveCfg = Release|Any CPU
		{B6C2E884-6FD5-4E25-BAF2-1A5B0C97D330}.Release|Any CPU.Build.0 = Release|Any CPU
	EndGlobalSection
	GlobalSection(NestedProjects) = preSolution
		{6154AE89-13A6-42A5-9B37-9AA78F2E0393} = {D6066293-DF88-46DD-B305-CD0614B38B8D}
		{D78BBB63-EF54-4B5E-A4DA-9A294D7CFF72} = {D6066293-DF88-46DD-B305-CD0614B38B8D}
		{682F0090-5CEF-4C9F-8729-EF12B81A4181} = {D6066293-DF88-46DD-B305-CD0614B38B8D}
		{77613408-679D-4D20-A5A9-5E25956A62FE} = {D6066293-DF88-46DD-B305-CD0614B38B8D}
		{F4A0DDB0-2B29-4F93-9A12-9C9A2A5C8E10} = {D6066293-DF88-46DD-B305-CD0614B38B8D}
		{E7A3F1C2-1B0C-4A72-8D04-5F3ED0D94B20} = {D6066293-DF88-46DD-B305-CD0614B38B8D}
		{B6C2E884-6FD5-4E25-BAF2-1A5B0C97D330} = {D6066293-DF88-46DD-B305-CD0614B38B8D}
	EndGlobalSection
EndGlobal
